
Microsoft Visual Studio Solution File, Format Version 12.00
# Visual Studio Version 17
VisualStudioVersion = 17.8.34511.84
MinimumVisualStudioVersion = 10.0.40219.1
Project("{9A19103F-16F7-4668-BE54-9A1E7A4F7556}") = "CarRentalSystem", "CarRentalSystem.csproj", "{BDDAC5EB-E902-44CB-BD34-4332E5E17B0E}"
EndProject
Project("{FAE04EC0-301F-11D3-BF4B-00C04F79EFBC}") = "CarRentalSystem.Test", "..\CarRentalSystem.Test\CarRentalSystem.Test.csproj", "{A0618A57-E8DC-4C44-8D69-D0E250053A64}"
EndProject
Global
	GlobalSection(SolutionConfigurationPlatforms) = preSolution
		Debug|Any CPU = Debug|Any CPU
		Release|Any CPU = Release|Any CPU
	EndGlobalSection
	GlobalSection(ProjectConfigurationPlatforms) = postSolution
		{BDDAC5EB-E902-44CB-BD34-4332E5E17B0E}.Debug|Any CPU.ActiveCfg = Debug|Any CPU
		{BDDAC5EB-E902-44CB-BD34-4332E5E17B0E}.Debug|Any CPU.Build.0 = Debug|Any CPU
		{BDDAC5EB-E902-44CB-BD34-4332E5E17B0E}.Release|Any CPU.ActiveCfg = Release|Any CPU
		{BDDAC5EB-E902-44CB-BD34-4332E5E17B0E}.Release|Any CPU.Build.0 = Release|Any CPU
		{A0618A57-E8DC-4C44-8D69-D0E250053A64}.Debug|Any CPU.ActiveCfg = Debug|Any CPU
		{A0618A57-E8DC-4C44-8D69-D0E250053A64}.Debug|Any CPU.Build.0 = Debug|Any CPU
		{A0618A57-E8DC-4C44-8D69-D0E250053A64}.Release|Any CPU.ActiveCfg = Release|Any CPU
		{A0618A57-E8DC-4C44-8D69-D0E250053A64}.Release|Any CPU.Build.0 = Release|Any CPU
	EndGlobalSection
	GlobalSection(SolutionProperties) = preSolution
		HideSolutionNode = FALSE
	EndGlobalSection
	GlobalSection(ExtensibilityGlobals) = postSolution
		SolutionGuid = {19894DE4-241A-425F-A246-4782779422A1}
	EndGlobalSection
EndGlobal
